// !$*UTF8*$!
{
	archiveVersion = 1;
	classes = {
	};
	objectVersion = 56;
	objects = {

/* Begin PBXBuildFile section */
		1D50C6AD9D3AF59FC2860F77 /* Pods_WorldWonders_WorldWondersUITests.framework in Frameworks */ = {isa = PBXBuildFile; fileRef = 04DDFF1224A4AB1119616D33 /* Pods_WorldWonders_WorldWondersUITests.framework */; };
		4BBF9A24D1D27971DD8FB0A7 /* Pods_WorldWondersTests.framework in Frameworks */ = {isa = PBXBuildFile; fileRef = 4BD4E9C930F8BA1456D4D1CA /* Pods_WorldWondersTests.framework */; };
		51094C289768DC40724FB17D /* Pods_WorldWonders.framework in Frameworks */ = {isa = PBXBuildFile; fileRef = 7C3C3C1E0D9407B9164AAE00 /* Pods_WorldWonders.framework */; };
		549DC13C2B4D8A5900543DAD /* AppDelegate.swift in Sources */ = {isa = PBXBuildFile; fileRef = 549DC13B2B4D8A5900543DAD /* AppDelegate.swift */; };
		549DC13E2B4D8A5900543DAD /* SceneDelegate.swift in Sources */ = {isa = PBXBuildFile; fileRef = 549DC13D2B4D8A5900543DAD /* SceneDelegate.swift */; };
		549DC1402B4D8A5900543DAD /* ViewController.swift in Sources */ = {isa = PBXBuildFile; fileRef = 549DC13F2B4D8A5900543DAD /* ViewController.swift */; };
		549DC1432B4D8A5900543DAD /* Main.storyboard in Resources */ = {isa = PBXBuildFile; fileRef = 549DC1412B4D8A5900543DAD /* Main.storyboard */; };
		549DC1452B4D8A5B00543DAD /* Assets.xcassets in Resources */ = {isa = PBXBuildFile; fileRef = 549DC1442B4D8A5B00543DAD /* Assets.xcassets */; };
		549DC1482B4D8A5B00543DAD /* LaunchScreen.storyboard in Resources */ = {isa = PBXBuildFile; fileRef = 549DC1462B4D8A5B00543DAD /* LaunchScreen.storyboard */; };
		549DC1532B4D8A5B00543DAD /* WorldWondersTests.swift in Sources */ = {isa = PBXBuildFile; fileRef = 549DC1522B4D8A5B00543DAD /* WorldWondersTests.swift */; };
		549DC15D2B4D8A5B00543DAD /* WorldWondersUITests.swift in Sources */ = {isa = PBXBuildFile; fileRef = 549DC15C2B4D8A5B00543DAD /* WorldWondersUITests.swift */; };
		549DC15F2B4D8A5B00543DAD /* WorldWondersUITestsLaunchTests.swift in Sources */ = {isa = PBXBuildFile; fileRef = 549DC15E2B4D8A5B00543DAD /* WorldWondersUITestsLaunchTests.swift */; };
		549DC16C2B4D9C9400543DAD /* TableViewController.swift in Sources */ = {isa = PBXBuildFile; fileRef = 549DC16B2B4D9C9400543DAD /* TableViewController.swift */; };
		549DC16E2B4DA80D00543DAD /* TableViewCell.swift in Sources */ = {isa = PBXBuildFile; fileRef = 549DC16D2B4DA80D00543DAD /* TableViewCell.swift */; };
		549DC1702B4E878800543DAD /* WorldWonder.swift in Sources */ = {isa = PBXBuildFile; fileRef = 549DC16F2B4E878800543DAD /* WorldWonder.swift */; };
/* End PBXBuildFile section */

/* Begin PBXContainerItemProxy section */
		549DC14F2B4D8A5B00543DAD /* PBXContainerItemProxy */ = {
			isa = PBXContainerItemProxy;
			containerPortal = 549DC1302B4D8A5900543DAD /* Project object */;
			proxyType = 1;
			remoteGlobalIDString = 549DC1372B4D8A5900543DAD;
			remoteInfo = WorldWonders;
		};
		549DC1592B4D8A5B00543DAD /* PBXContainerItemProxy */ = {
			isa = PBXContainerItemProxy;
			containerPortal = 549DC1302B4D8A5900543DAD /* Project object */;
			proxyType = 1;
			remoteGlobalIDString = 549DC1372B4D8A5900543DAD;
			remoteInfo = WorldWonders;
		};
/* End PBXContainerItemProxy section */

/* Begin PBXFileReference section */
		04DDFF1224A4AB1119616D33 /* Pods_WorldWonders_WorldWondersUITests.framework */ = {isa = PBXFileReference; explicitFileType = wrapper.framework; includeInIndex = 0; path = Pods_WorldWonders_WorldWondersUITests.framework; sourceTree = BUILT_PRODUCTS_DIR; };
		0AB9B56138E03ADE55028AA6 /* Pods-WorldWonders-WorldWondersUITests.release.xcconfig */ = {isa = PBXFileReference; includeInIndex = 1; lastKnownFileType = text.xcconfig; name = "Pods-WorldWonders-WorldWondersUITests.release.xcconfig"; path = "Target Support Files/Pods-WorldWonders-WorldWondersUITests/Pods-WorldWonders-WorldWondersUITests.release.xcconfig"; sourceTree = "<group>"; };
		3010E7F0B1808983BE95C86A /* Pods-WorldWondersTests.release.xcconfig */ = {isa = PBXFileReference; includeInIndex = 1; lastKnownFileType = text.xcconfig; name = "Pods-WorldWondersTests.release.xcconfig"; path = "Target Support Files/Pods-WorldWondersTests/Pods-WorldWondersTests.release.xcconfig"; sourceTree = "<group>"; };
		3AAD0FD636357082FB7CC0E1 /* Pods-WorldWonders.release.xcconfig */ = {isa = PBXFileReference; includeInIndex = 1; lastKnownFileType = text.xcconfig; name = "Pods-WorldWonders.release.xcconfig"; path = "Target Support Files/Pods-WorldWonders/Pods-WorldWonders.release.xcconfig"; sourceTree = "<group>"; };
		4BD4E9C930F8BA1456D4D1CA /* Pods_WorldWondersTests.framework */ = {isa = PBXFileReference; explicitFileType = wrapper.framework; includeInIndex = 0; path = Pods_WorldWondersTests.framework; sourceTree = BUILT_PRODUCTS_DIR; };
		549DC1382B4D8A5900543DAD /* WorldWonders.app */ = {isa = PBXFileReference; explicitFileType = wrapper.application; includeInIndex = 0; path = WorldWonders.app; sourceTree = BUILT_PRODUCTS_DIR; };
		549DC13B2B4D8A5900543DAD /* AppDelegate.swift */ = {isa = PBXFileReference; lastKnownFileType = sourcecode.swift; path = AppDelegate.swift; sourceTree = "<group>"; };
		549DC13D2B4D8A5900543DAD /* SceneDelegate.swift */ = {isa = PBXFileReference; lastKnownFileType = sourcecode.swift; path = SceneDelegate.swift; sourceTree = "<group>"; };
		549DC13F2B4D8A5900543DAD /* ViewController.swift */ = {isa = PBXFileReference; lastKnownFileType = sourcecode.swift; path = ViewController.swift; sourceTree = "<group>"; };
		549DC1422B4D8A5900543DAD /* Base */ = {isa = PBXFileReference; lastKnownFileType = file.storyboard; name = Base; path = Base.lproj/Main.storyboard; sourceTree = "<group>"; };
		549DC1442B4D8A5B00543DAD /* Assets.xcassets */ = {isa = PBXFileReference; lastKnownFileType = folder.assetcatalog; path = Assets.xcassets; sourceTree = "<group>"; };
		549DC1472B4D8A5B00543DAD /* Base */ = {isa = PBXFileReference; lastKnownFileType = file.storyboard; name = Base; path = Base.lproj/LaunchScreen.storyboard; sourceTree = "<group>"; };
		549DC1492B4D8A5B00543DAD /* Info.plist */ = {isa = PBXFileReference; lastKnownFileType = text.plist.xml; path = Info.plist; sourceTree = "<group>"; };
		549DC14E2B4D8A5B00543DAD /* WorldWondersTests.xctest */ = {isa = PBXFileReference; explicitFileType = wrapper.cfbundle; includeInIndex = 0; path = WorldWondersTests.xctest; sourceTree = BUILT_PRODUCTS_DIR; };
		549DC1522B4D8A5B00543DAD /* WorldWondersTests.swift */ = {isa = PBXFileReference; lastKnownFileType = sourcecode.swift; path = WorldWondersTests.swift; sourceTree = "<group>"; };
		549DC1582B4D8A5B00543DAD /* WorldWondersUITests.xctest */ = {isa = PBXFileReference; explicitFileType = wrapper.cfbundle; includeInIndex = 0; path = WorldWondersUITests.xctest; sourceTree = BUILT_PRODUCTS_DIR; };
		549DC15C2B4D8A5B00543DAD /* WorldWondersUITests.swift */ = {isa = PBXFileReference; lastKnownFileType = sourcecode.swift; path = WorldWondersUITests.swift; sourceTree = "<group>"; };
		549DC15E2B4D8A5B00543DAD /* WorldWondersUITestsLaunchTests.swift */ = {isa = PBXFileReference; lastKnownFileType = sourcecode.swift; path = WorldWondersUITestsLaunchTests.swift; sourceTree = "<group>"; };
		549DC16B2B4D9C9400543DAD /* TableViewController.swift */ = {isa = PBXFileReference; lastKnownFileType = sourcecode.swift; path = TableViewController.swift; sourceTree = "<group>"; };
		549DC16D2B4DA80D00543DAD /* TableViewCell.swift */ = {isa = PBXFileReference; lastKnownFileType = sourcecode.swift; path = TableViewCell.swift; sourceTree = "<group>"; };
		549DC16F2B4E878800543DAD /* WorldWonder.swift */ = {isa = PBXFileReference; lastKnownFileType = sourcecode.swift; path = WorldWonder.swift; sourceTree = "<group>"; };
		7C3C3C1E0D9407B9164AAE00 /* Pods_WorldWonders.framework */ = {isa = PBXFileReference; explicitFileType = wrapper.framework; includeInIndex = 0; path = Pods_WorldWonders.framework; sourceTree = BUILT_PRODUCTS_DIR; };
		BC57281AD68031A5E4EDF579 /* Pods-WorldWonders-WorldWondersUITests.debug.xcconfig */ = {isa = PBXFileReference; includeInIndex = 1; lastKnownFileType = text.xcconfig; name = "Pods-WorldWonders-WorldWondersUITests.debug.xcconfig"; path = "Target Support Files/Pods-WorldWonders-WorldWondersUITests/Pods-WorldWonders-WorldWondersUITests.debug.xcconfig"; sourceTree = "<group>"; };
		C9FB4FD00D073A6948290751 /* Pods-WorldWonders.debug.xcconfig */ = {isa = PBXFileReference; includeInIndex = 1; lastKnownFileType = text.xcconfig; name = "Pods-WorldWonders.debug.xcconfig"; path = "Target Support Files/Pods-WorldWonders/Pods-WorldWonders.debug.xcconfig"; sourceTree = "<group>"; };
		EA54BA702AE40C90FBF6F152 /* Pods-WorldWondersTests.debug.xcconfig */ = {isa = PBXFileReference; includeInIndex = 1; lastKnownFileType = text.xcconfig; name = "Pods-WorldWondersTests.debug.xcconfig"; path = "Target Support Files/Pods-WorldWondersTests/Pods-WorldWondersTests.debug.xcconfig"; sourceTree = "<group>"; };
/* End PBXFileReference section */

/* Begin PBXFrameworksBuildPhase section */
		549DC1352B4D8A5900543DAD /* Frameworks */ = {
			isa = PBXFrameworksBuildPhase;
			buildActionMask = 2147483647;
			files = (
				51094C289768DC40724FB17D /* Pods_WorldWonders.framework in Frameworks */,
			);
			runOnlyForDeploymentPostprocessing = 0;
		};
		549DC14B2B4D8A5B00543DAD /* Frameworks */ = {
			isa = PBXFrameworksBuildPhase;
			buildActionMask = 2147483647;
			files = (
				4BBF9A24D1D27971DD8FB0A7 /* Pods_WorldWondersTests.framework in Frameworks */,
			);
			runOnlyForDeploymentPostprocessing = 0;
		};
		549DC1552B4D8A5B00543DAD /* Frameworks */ = {
			isa = PBXFrameworksBuildPhase;
			buildActionMask = 2147483647;
			files = (
				1D50C6AD9D3AF59FC2860F77 /* Pods_WorldWonders_WorldWondersUITests.framework in Frameworks */,
			);
			runOnlyForDeploymentPostprocessing = 0;
		};
/* End PBXFrameworksBuildPhase section */

/* Begin PBXGroup section */
		549DC12F2B4D8A5900543DAD = {
			isa = PBXGroup;
			children = (
				549DC13A2B4D8A5900543DAD /* WorldWonders */,
				549DC1512B4D8A5B00543DAD /* WorldWondersTests */,
				549DC15B2B4D8A5B00543DAD /* WorldWondersUITests */,
				549DC1392B4D8A5900543DAD /* Products */,
				B66663DE0DB14DC625953D3A /* Pods */,
				8D55FA9ED3C812619C0E5C34 /* Frameworks */,
			);
			sourceTree = "<group>";
		};
		549DC1392B4D8A5900543DAD /* Products */ = {
			isa = PBXGroup;
			children = (
				549DC1382B4D8A5900543DAD /* WorldWonders.app */,
				549DC14E2B4D8A5B00543DAD /* WorldWondersTests.xctest */,
				549DC1582B4D8A5B00543DAD /* WorldWondersUITests.xctest */,
			);
			name = Products;
			sourceTree = "<group>";
		};
		549DC13A2B4D8A5900543DAD /* WorldWonders */ = {
			isa = PBXGroup;
			children = (
				549DC13B2B4D8A5900543DAD /* AppDelegate.swift */,
				549DC13D2B4D8A5900543DAD /* SceneDelegate.swift */,
				549DC13F2B4D8A5900543DAD /* ViewController.swift */,
				549DC16D2B4DA80D00543DAD /* TableViewCell.swift */,
				549DC16F2B4E878800543DAD /* WorldWonder.swift */,
				549DC16B2B4D9C9400543DAD /* TableViewController.swift */,
				549DC1412B4D8A5900543DAD /* Main.storyboard */,
				549DC1442B4D8A5B00543DAD /* Assets.xcassets */,
				549DC1462B4D8A5B00543DAD /* LaunchScreen.storyboard */,
				549DC1492B4D8A5B00543DAD /* Info.plist */,
			);
			path = WorldWonders;
			sourceTree = "<group>";
		};
		549DC1512B4D8A5B00543DAD /* WorldWondersTests */ = {
			isa = PBXGroup;
			children = (
				549DC1522B4D8A5B00543DAD /* WorldWondersTests.swift */,
			);
			path = WorldWondersTests;
			sourceTree = "<group>";
		};
		549DC15B2B4D8A5B00543DAD /* WorldWondersUITests */ = {
			isa = PBXGroup;
			children = (
				549DC15C2B4D8A5B00543DAD /* WorldWondersUITests.swift */,
				549DC15E2B4D8A5B00543DAD /* WorldWondersUITestsLaunchTests.swift */,
			);
			path = WorldWondersUITests;
			sourceTree = "<group>";
		};
		8D55FA9ED3C812619C0E5C34 /* Frameworks */ = {
			isa = PBXGroup;
			children = (
				7C3C3C1E0D9407B9164AAE00 /* Pods_WorldWonders.framework */,
				04DDFF1224A4AB1119616D33 /* Pods_WorldWonders_WorldWondersUITests.framework */,
				4BD4E9C930F8BA1456D4D1CA /* Pods_WorldWondersTests.framework */,
			);
			name = Frameworks;
			sourceTree = "<group>";
		};
		B66663DE0DB14DC625953D3A /* Pods */ = {
			isa = PBXGroup;
			children = (
				C9FB4FD00D073A6948290751 /* Pods-WorldWonders.debug.xcconfig */,
				3AAD0FD636357082FB7CC0E1 /* Pods-WorldWonders.release.xcconfig */,
				BC57281AD68031A5E4EDF579 /* Pods-WorldWonders-WorldWondersUITests.debug.xcconfig */,
				0AB9B56138E03ADE55028AA6 /* Pods-WorldWonders-WorldWondersUITests.release.xcconfig */,
				EA54BA702AE40C90FBF6F152 /* Pods-WorldWondersTests.debug.xcconfig */,
				3010E7F0B1808983BE95C86A /* Pods-WorldWondersTests.release.xcconfig */,
			);
			name = Pods;
			path = "/Users/mehsofticloud.com/Desktop/iOS-hw/WorldWonders/Pods";
			sourceTree = "<absolute>";
		};
/* End PBXGroup section */

/* Begin PBXNativeTarget section */
		549DC1372B4D8A5900543DAD /* WorldWonders */ = {
			isa = PBXNativeTarget;
			buildConfigurationList = 549DC1622B4D8A5B00543DAD /* Build configuration list for PBXNativeTarget "WorldWonders" */;
			buildPhases = (
				DC8764FCE02E86E2916967D4 /* [CP] Check Pods Manifest.lock */,
				549DC1342B4D8A5900543DAD /* Sources */,
				549DC1352B4D8A5900543DAD /* Frameworks */,
				549DC1362B4D8A5900543DAD /* Resources */,
				2FB4F61F7C179F77294933FC /* [CP] Embed Pods Frameworks */,
			);
			buildRules = (
			);
			dependencies = (
			);
			name = WorldWonders;
			productName = WorldWonders;
			productReference = 549DC1382B4D8A5900543DAD /* WorldWonders.app */;
			productType = "com.apple.product-type.application";
		};
		549DC14D2B4D8A5B00543DAD /* WorldWondersTests */ = {
			isa = PBXNativeTarget;
			buildConfigurationList = 549DC1652B4D8A5B00543DAD /* Build configuration list for PBXNativeTarget "WorldWondersTests" */;
			buildPhases = (
				AF34D5B00FAEA1ABF3E31B5A /* [CP] Check Pods Manifest.lock */,
				549DC14A2B4D8A5B00543DAD /* Sources */,
				549DC14B2B4D8A5B00543DAD /* Frameworks */,
				549DC14C2B4D8A5B00543DAD /* Resources */,
			);
			buildRules = (
			);
			dependencies = (
				549DC1502B4D8A5B00543DAD /* PBXTargetDependency */,
			);
			name = WorldWondersTests;
			productName = WorldWondersTests;
			productReference = 549DC14E2B4D8A5B00543DAD /* WorldWondersTests.xctest */;
			productType = "com.apple.product-type.bundle.unit-test";
		};
		549DC1572B4D8A5B00543DAD /* WorldWondersUITests */ = {
			isa = PBXNativeTarget;
			buildConfigurationList = 549DC1682B4D8A5B00543DAD /* Build configuration list for PBXNativeTarget "WorldWondersUITests" */;
			buildPhases = (
				C979825A197221E826C28B0F /* [CP] Check Pods Manifest.lock */,
				549DC1542B4D8A5B00543DAD /* Sources */,
				549DC1552B4D8A5B00543DAD /* Frameworks */,
				549DC1562B4D8A5B00543DAD /* Resources */,
				9C442BC005AD59D9ACE989DC /* [CP] Embed Pods Frameworks */,
			);
			buildRules = (
			);
			dependencies = (
				549DC15A2B4D8A5B00543DAD /* PBXTargetDependency */,
			);
			name = WorldWondersUITests;
			productName = WorldWondersUITests;
			productReference = 549DC1582B4D8A5B00543DAD /* WorldWondersUITests.xctest */;
			productType = "com.apple.product-type.bundle.ui-testing";
		};
/* End PBXNativeTarget section */

/* Begin PBXProject section */
		549DC1302B4D8A5900543DAD /* Project object */ = {
			isa = PBXProject;
			attributes = {
				BuildIndependentTargetsInParallel = 1;
				LastSwiftUpdateCheck = 1500;
				LastUpgradeCheck = 1500;
				TargetAttributes = {
					549DC1372B4D8A5900543DAD = {
						CreatedOnToolsVersion = 15.0.1;
					};
					549DC14D2B4D8A5B00543DAD = {
						CreatedOnToolsVersion = 15.0.1;
						TestTargetID = 549DC1372B4D8A5900543DAD;
					};
					549DC1572B4D8A5B00543DAD = {
						CreatedOnToolsVersion = 15.0.1;
						TestTargetID = 549DC1372B4D8A5900543DAD;
					};
				};
			};
			buildConfigurationList = 549DC1332B4D8A5900543DAD /* Build configuration list for PBXProject "WorldWonders" */;
			compatibilityVersion = "Xcode 14.0";
			developmentRegion = en;
			hasScannedForEncodings = 0;
			knownRegions = (
				en,
				Base,
			);
			mainGroup = 549DC12F2B4D8A5900543DAD;
			productRefGroup = 549DC1392B4D8A5900543DAD /* Products */;
			projectDirPath = "";
			projectRoot = "";
			targets = (
				549DC1372B4D8A5900543DAD /* WorldWonders */,
				549DC14D2B4D8A5B00543DAD /* WorldWondersTests */,
				549DC1572B4D8A5B00543DAD /* WorldWondersUITests */,
			);
		};
/* End PBXProject section */

/* Begin PBXResourcesBuildPhase section */
		549DC1362B4D8A5900543DAD /* Resources */ = {
			isa = PBXResourcesBuildPhase;
			buildActionMask = 2147483647;
			files = (
				549DC1482B4D8A5B00543DAD /* LaunchScreen.storyboard in Resources */,
				549DC1452B4D8A5B00543DAD /* Assets.xcassets in Resources */,
				549DC1432B4D8A5900543DAD /* Main.storyboard in Resources */,
			);
			runOnlyForDeploymentPostprocessing = 0;
		};
		549DC14C2B4D8A5B00543DAD /* Resources */ = {
			isa = PBXResourcesBuildPhase;
			buildActionMask = 2147483647;
			files = (
			);
			runOnlyForDeploymentPostprocessing = 0;
		};
		549DC1562B4D8A5B00543DAD /* Resources */ = {
			isa = PBXResourcesBuildPhase;
			buildActionMask = 2147483647;
			files = (
			);
			runOnlyForDeploymentPostprocessing = 0;
		};
/* End PBXResourcesBuildPhase section */

/* Begin PBXShellScriptBuildPhase section */
		2FB4F61F7C179F77294933FC /* [CP] Embed Pods Frameworks */ = {
			isa = PBXShellScriptBuildPhase;
			buildActionMask = 2147483647;
			files = (
			);
			inputFileListPaths = (
				"${PODS_ROOT}/Target Support Files/Pods-WorldWonders/Pods-WorldWonders-frameworks-${CONFIGURATION}-input-files.xcfilelist",
			);
			name = "[CP] Embed Pods Frameworks";
			outputFileListPaths = (
				"${PODS_ROOT}/Target Support Files/Pods-WorldWonders/Pods-WorldWonders-frameworks-${CONFIGURATION}-output-files.xcfilelist",
			);
			runOnlyForDeploymentPostprocessing = 0;
			shellPath = /bin/sh;
			shellScript = "\"${PODS_ROOT}/Target Support Files/Pods-WorldWonders/Pods-WorldWonders-frameworks.sh\"\n";
			showEnvVarsInLog = 0;
		};
		9C442BC005AD59D9ACE989DC /* [CP] Embed Pods Frameworks */ = {
			isa = PBXShellScriptBuildPhase;
			buildActionMask = 2147483647;
			files = (
			);
			inputFileListPaths = (
				"${PODS_ROOT}/Target Support Files/Pods-WorldWonders-WorldWondersUITests/Pods-WorldWonders-WorldWondersUITests-frameworks-${CONFIGURATION}-input-files.xcfilelist",
			);
			name = "[CP] Embed Pods Frameworks";
			outputFileListPaths = (
				"${PODS_ROOT}/Target Support Files/Pods-WorldWonders-WorldWondersUITests/Pods-WorldWonders-WorldWondersUITests-frameworks-${CONFIGURATION}-output-files.xcfilelist",
			);
			runOnlyForDeploymentPostprocessing = 0;
			shellPath = /bin/sh;
			shellScript = "\"${PODS_ROOT}/Target Support Files/Pods-WorldWonders-WorldWondersUITests/Pods-WorldWonders-WorldWondersUITests-frameworks.sh\"\n";
			showEnvVarsInLog = 0;
		};
		AF34D5B00FAEA1ABF3E31B5A /* [CP] Check Pods Manifest.lock */ = {
			isa = PBXShellScriptBuildPhase;
			buildActionMask = 2147483647;
			files = (
			);
			inputFileListPaths = (
			);
			inputPaths = (
				"${PODS_PODFILE_DIR_PATH}/Podfile.lock",
				"${PODS_ROOT}/Manifest.lock",
			);
			name = "[CP] Check Pods Manifest.lock";
			outputFileListPaths = (
			);
			outputPaths = (
				"$(DERIVED_FILE_DIR)/Pods-WorldWondersTests-checkManifestLockResult.txt",
			);
			runOnlyForDeploymentPostprocessing = 0;
			shellPath = /bin/sh;
			shellScript = "diff \"${PODS_PODFILE_DIR_PATH}/Podfile.lock\" \"${PODS_ROOT}/Manifest.lock\" > /dev/null\nif [ $? != 0 ] ; then\n    # print error to STDERR\n    echo \"error: The sandbox is not in sync with the Podfile.lock. Run 'pod install' or update your CocoaPods installation.\" >&2\n    exit 1\nfi\n# This output is used by Xcode 'outputs' to avoid re-running this script phase.\necho \"SUCCESS\" > \"${SCRIPT_OUTPUT_FILE_0}\"\n";
			showEnvVarsInLog = 0;
		};
		C979825A197221E826C28B0F /* [CP] Check Pods Manifest.lock */ = {
			isa = PBXShellScriptBuildPhase;
			buildActionMask = 2147483647;
			files = (
			);
			inputFileListPaths = (
			);
			inputPaths = (
				"${PODS_PODFILE_DIR_PATH}/Podfile.lock",
				"${PODS_ROOT}/Manifest.lock",
			);
			name = "[CP] Check Pods Manifest.lock";
			outputFileListPaths = (
			);
			outputPaths = (
				"$(DERIVED_FILE_DIR)/Pods-WorldWonders-WorldWondersUITests-checkManifestLockResult.txt",
			);
			runOnlyForDeploymentPostprocessing = 0;
			shellPath = /bin/sh;
			shellScript = "diff \"${PODS_PODFILE_DIR_PATH}/Podfile.lock\" \"${PODS_ROOT}/Manifest.lock\" > /dev/null\nif [ $? != 0 ] ; then\n    # print error to STDERR\n    echo \"error: The sandbox is not in sync with the Podfile.lock. Run 'pod install' or update your CocoaPods installation.\" >&2\n    exit 1\nfi\n# This output is used by Xcode 'outputs' to avoid re-running this script phase.\necho \"SUCCESS\" > \"${SCRIPT_OUTPUT_FILE_0}\"\n";
			showEnvVarsInLog = 0;
		};
		DC8764FCE02E86E2916967D4 /* [CP] Check Pods Manifest.lock */ = {
			isa = PBXShellScriptBuildPhase;
			buildActionMask = 2147483647;
			files = (
			);
			inputFileListPaths = (
			);
			inputPaths = (
				"${PODS_PODFILE_DIR_PATH}/Podfile.lock",
				"${PODS_ROOT}/Manifest.lock",
			);
			name = "[CP] Check Pods Manifest.lock";
			outputFileListPaths = (
			);
			outputPaths = (
				"$(DERIVED_FILE_DIR)/Pods-WorldWonders-checkManifestLockResult.txt",
			);
			runOnlyForDeploymentPostprocessing = 0;
			shellPath = /bin/sh;
			shellScript = "diff \"${PODS_PODFILE_DIR_PATH}/Podfile.lock\" \"${PODS_ROOT}/Manifest.lock\" > /dev/null\nif [ $? != 0 ] ; then\n    # print error to STDERR\n    echo \"error: The sandbox is not in sync with the Podfile.lock. Run 'pod install' or update your CocoaPods installation.\" >&2\n    exit 1\nfi\n# This output is used by Xcode 'outputs' to avoid re-running this script phase.\necho \"SUCCESS\" > \"${SCRIPT_OUTPUT_FILE_0}\"\n";
			showEnvVarsInLog = 0;
		};
/* End PBXShellScriptBuildPhase section */

/* Begin PBXSourcesBuildPhase section */
		549DC1342B4D8A5900543DAD /* Sources */ = {
			isa = PBXSourcesBuildPhase;
			buildActionMask = 2147483647;
			files = (
				549DC16E2B4DA80D00543DAD /* TableViewCell.swift in Sources */,
				549DC1402B4D8A5900543DAD /* ViewController.swift in Sources */,
				549DC13C2B4D8A5900543DAD /* AppDelegate.swift in Sources */,
				549DC13E2B4D8A5900543DAD /* SceneDelegate.swift in Sources */,
				549DC16C2B4D9C9400543DAD /* TableViewController.swift in Sources */,
				549DC1702B4E878800543DAD /* WorldWonder.swift in Sources */,
			);
			runOnlyForDeploymentPostprocessing = 0;
		};
		549DC14A2B4D8A5B00543DAD /* Sources */ = {
			isa = PBXSourcesBuildPhase;
			buildActionMask = 2147483647;
			files = (
				549DC1532B4D8A5B00543DAD /* WorldWondersTests.swift in Sources */,
			);
			runOnlyForDeploymentPostprocessing = 0;
		};
		549DC1542B4D8A5B00543DAD /* Sources */ = {
			isa = PBXSourcesBuildPhase;
			buildActionMask = 2147483647;
			files = (
				549DC15F2B4D8A5B00543DAD /* WorldWondersUITestsLaunchTests.swift in Sources */,
				549DC15D2B4D8A5B00543DAD /* WorldWondersUITests.swift in Sources */,
			);
			runOnlyForDeploymentPostprocessing = 0;
		};
/* End PBXSourcesBuildPhase section */

/* Begin PBXTargetDependency section */
		549DC1502B4D8A5B00543DAD /* PBXTargetDependency */ = {
			isa = PBXTargetDependency;
			target = 549DC1372B4D8A5900543DAD /* WorldWonders */;
			targetProxy = 549DC14F2B4D8A5B00543DAD /* PBXContainerItemProxy */;
		};
		549DC15A2B4D8A5B00543DAD /* PBXTargetDependency */ = {
			isa = PBXTargetDependency;
			target = 549DC1372B4D8A5900543DAD /* WorldWonders */;
			targetProxy = 549DC1592B4D8A5B00543DAD /* PBXContainerItemProxy */;
		};
/* End PBXTargetDependency section */

/* Begin PBXVariantGroup section */
		549DC1412B4D8A5900543DAD /* Main.storyboard */ = {
			isa = PBXVariantGroup;
			children = (
				549DC1422B4D8A5900543DAD /* Base */,
			);
			name = Main.storyboard;
			sourceTree = "<group>";
		};
		549DC1462B4D8A5B00543DAD /* LaunchScreen.storyboard */ = {
			isa = PBXVariantGroup;
			children = (
				549DC1472B4D8A5B00543DAD /* Base */,
			);
			name = LaunchScreen.storyboard;
			sourceTree = "<group>";
		};
/* End PBXVariantGroup section */

/* Begin XCBuildConfiguration section */
		549DC1602B4D8A5B00543DAD /* Debug */ = {
			isa = XCBuildConfiguration;
			buildSettings = {
				ALWAYS_SEARCH_USER_PATHS = NO;
				ASSETCATALOG_COMPILER_GENERATE_SWIFT_ASSET_SYMBOL_EXTENSIONS = YES;
				CLANG_ANALYZER_NONNULL = YES;
				CLANG_ANALYZER_NUMBER_OBJECT_CONVERSION = YES_AGGRESSIVE;
				CLANG_CXX_LANGUAGE_STANDARD = "gnu++20";
				CLANG_ENABLE_MODULES = YES;
				CLANG_ENABLE_OBJC_ARC = YES;
				CLANG_ENABLE_OBJC_WEAK = YES;
				CLANG_WARN_BLOCK_CAPTURE_AUTORELEASING = YES;
				CLANG_WARN_BOOL_CONVERSION = YES;
				CLANG_WARN_COMMA = YES;
				CLANG_WARN_CONSTANT_CONVERSION = YES;
				CLANG_WARN_DEPRECATED_OBJC_IMPLEMENTATIONS = YES;
				CLANG_WARN_DIRECT_OBJC_ISA_USAGE = YES_ERROR;
				CLANG_WARN_DOCUMENTATION_COMMENTS = YES;
				CLANG_WARN_EMPTY_BODY = YES;
				CLANG_WARN_ENUM_CONVERSION = YES;
				CLANG_WARN_INFINITE_RECURSION = YES;
				CLANG_WARN_INT_CONVERSION = YES;
				CLANG_WARN_NON_LITERAL_NULL_CONVERSION = YES;
				CLANG_WARN_OBJC_IMPLICIT_RETAIN_SELF = YES;
				CLANG_WARN_OBJC_LITERAL_CONVERSION = YES;
				CLANG_WARN_OBJC_ROOT_CLASS = YES_ERROR;
				CLANG_WARN_QUOTED_INCLUDE_IN_FRAMEWORK_HEADER = YES;
				CLANG_WARN_RANGE_LOOP_ANALYSIS = YES;
				CLANG_WARN_STRICT_PROTOTYPES = YES;
				CLANG_WARN_SUSPICIOUS_MOVE = YES;
				CLANG_WARN_UNGUARDED_AVAILABILITY = YES_AGGRESSIVE;
				CLANG_WARN_UNREACHABLE_CODE = YES;
				CLANG_WARN__DUPLICATE_METHOD_MATCH = YES;
				COPY_PHASE_STRIP = NO;
				DEBUG_INFORMATION_FORMAT = dwarf;
				ENABLE_STRICT_OBJC_MSGSEND = YES;
				ENABLE_TESTABILITY = YES;
				ENABLE_USER_SCRIPT_SANDBOXING = NO;
				GCC_C_LANGUAGE_STANDARD = gnu17;
				GCC_DYNAMIC_NO_PIC = NO;
				GCC_NO_COMMON_BLOCKS = YES;
				GCC_OPTIMIZATION_LEVEL = 0;
				GCC_PREPROCESSOR_DEFINITIONS = (
					"DEBUG=1",
					"$(inherited)",
				);
				GCC_WARN_64_TO_32_BIT_CONVERSION = YES;
				GCC_WARN_ABOUT_RETURN_TYPE = YES_ERROR;
				GCC_WARN_UNDECLARED_SELECTOR = YES;
				GCC_WARN_UNINITIALIZED_AUTOS = YES_AGGRESSIVE;
				GCC_WARN_UNUSED_FUNCTION = YES;
				GCC_WARN_UNUSED_VARIABLE = YES;
				IPHONEOS_DEPLOYMENT_TARGET = 17.0;
				LOCALIZATION_PREFERS_STRING_CATALOGS = YES;
				MTL_ENABLE_DEBUG_INFO = INCLUDE_SOURCE;
				MTL_FAST_MATH = YES;
				ONLY_ACTIVE_ARCH = YES;
				SDKROOT = iphoneos;
				SWIFT_ACTIVE_COMPILATION_CONDITIONS = "DEBUG $(inherited)";
				SWIFT_OPTIMIZATION_LEVEL = "-Onone";
			};
			name = Debug;
		};
		549DC1612B4D8A5B00543DAD /* Release */ = {
			isa = XCBuildConfiguration;
			buildSettings = {
				ALWAYS_SEARCH_USER_PATHS = NO;
				ASSETCATALOG_COMPILER_GENERATE_SWIFT_ASSET_SYMBOL_EXTENSIONS = YES;
				CLANG_ANALYZER_NONNULL = YES;
				CLANG_ANALYZER_NUMBER_OBJECT_CONVERSION = YES_AGGRESSIVE;
				CLANG_CXX_LANGUAGE_STANDARD = "gnu++20";
				CLANG_ENABLE_MODULES = YES;
				CLANG_ENABLE_OBJC_ARC = YES;
				CLANG_ENABLE_OBJC_WEAK = YES;
				CLANG_WARN_BLOCK_CAPTURE_AUTORELEASING = YES;
				CLANG_WARN_BOOL_CONVERSION = YES;
				CLANG_WARN_COMMA = YES;
				CLANG_WARN_CONSTANT_CONVERSION = YES;
				CLANG_WARN_DEPRECATED_OBJC_IMPLEMENTATIONS = YES;
				CLANG_WARN_DIRECT_OBJC_ISA_USAGE = YES_ERROR;
				CLANG_WARN_DOCUMENTATION_COMMENTS = YES;
				CLANG_WARN_EMPTY_BODY = YES;
				CLANG_WARN_ENUM_CONVERSION = YES;
				CLANG_WARN_INFINITE_RECURSION = YES;
				CLANG_WARN_INT_CONVERSION = YES;
				CLANG_WARN_NON_LITERAL_NULL_CONVERSION = YES;
				CLANG_WARN_OBJC_IMPLICIT_RETAIN_SELF = YES;
				CLANG_WARN_OBJC_LITERAL_CONVERSION = YES;
				CLANG_WARN_OBJC_ROOT_CLASS = YES_ERROR;
				CLANG_WARN_QUOTED_INCLUDE_IN_FRAMEWORK_HEADER = YES;
				CLANG_WARN_RANGE_LOOP_ANALYSIS = YES;
				CLANG_WARN_STRICT_PROTOTYPES = YES;
				CLANG_WARN_SUSPICIOUS_MOVE = YES;
				CLANG_WARN_UNGUARDED_AVAILABILITY = YES_AGGRESSIVE;
				CLANG_WARN_UNREACHABLE_CODE = YES;
				CLANG_WARN__DUPLICATE_METHOD_MATCH = YES;
				COPY_PHASE_STRIP = NO;
				DEBUG_INFORMATION_FORMAT = "dwarf-with-dsym";
				ENABLE_NS_ASSERTIONS = NO;
				ENABLE_STRICT_OBJC_MSGSEND = YES;
				ENABLE_USER_SCRIPT_SANDBOXING = NO;
				GCC_C_LANGUAGE_STANDARD = gnu17;
				GCC_NO_COMMON_BLOCKS = YES;
				GCC_WARN_64_TO_32_BIT_CONVERSION = YES;
				GCC_WARN_ABOUT_RETURN_TYPE = YES_ERROR;
				GCC_WARN_UNDECLARED_SELECTOR = YES;
				GCC_WARN_UNINITIALIZED_AUTOS = YES_AGGRESSIVE;
				GCC_WARN_UNUSED_FUNCTION = YES;
				GCC_WARN_UNUSED_VARIABLE = YES;
				IPHONEOS_DEPLOYMENT_TARGET = 17.0;
				LOCALIZATION_PREFERS_STRING_CATALOGS = YES;
				MTL_ENABLE_DEBUG_INFO = NO;
				MTL_FAST_MATH = YES;
				SDKROOT = iphoneos;
				SWIFT_COMPILATION_MODE = wholemodule;
				VALIDATE_PRODUCT = YES;
			};
			name = Release;
		};
		549DC1632B4D8A5B00543DAD /* Debug */ = {
			isa = XCBuildConfiguration;
			baseConfigurationReference = C9FB4FD00D073A6948290751 /* Pods-WorldWonders.debug.xcconfig */;
			buildSettings = {
				ASSETCATALOG_COMPILER_APPICON_NAME = AppIcon;
				ASSETCATALOG_COMPILER_GLOBAL_ACCENT_COLOR_NAME = AccentColor;
				CODE_SIGN_STYLE = Automatic;
				CURRENT_PROJECT_VERSION = 1;
				GENERATE_INFOPLIST_FILE = YES;
				INFOPLIST_FILE = WorldWonders/Info.plist;
				INFOPLIST_KEY_UIApplicationSupportsIndirectInputEvents = YES;
				INFOPLIST_KEY_UILaunchStoryboardName = LaunchScreen;
				INFOPLIST_KEY_UIMainStoryboardFile = Main;
				INFOPLIST_KEY_UISupportedInterfaceOrientations_iPad = "UIInterfaceOrientationPortrait UIInterfaceOrientationPortraitUpsideDown UIInterfaceOrientationLandscapeLeft UIInterfaceOrientationLandscapeRight";
				INFOPLIST_KEY_UISupportedInterfaceOrientations_iPhone = "UIInterfaceOrientationPortrait UIInterfaceOrientationLandscapeLeft UIInterfaceOrientationLandscapeRight";
				LD_RUNPATH_SEARCH_PATHS = (
					"$(inherited)",
					"@executable_path/Frameworks",
				);
				MARKETING_VERSION = 1.0;
				PRODUCT_BUNDLE_IDENTIFIER = com.1App.WorldWonders.WorldWonders;
				PRODUCT_NAME = "$(TARGET_NAME)";
				SWIFT_EMIT_LOC_STRINGS = YES;
				SWIFT_VERSION = 5.0;
				TARGETED_DEVICE_FAMILY = "1,2";
			};
			name = Debug;
		};
		549DC1642B4D8A5B00543DAD /* Release */ = {
			isa = XCBuildConfiguration;
			baseConfigurationReference = 3AAD0FD636357082FB7CC0E1 /* Pods-WorldWonders.release.xcconfig */;
			buildSettings = {
				ASSETCATALOG_COMPILER_APPICON_NAME = AppIcon;
				ASSETCATALOG_COMPILER_GLOBAL_ACCENT_COLOR_NAME = AccentColor;
				CODE_SIGN_STYLE = Automatic;
				CURRENT_PROJECT_VERSION = 1;
				GENERATE_INFOPLIST_FILE = YES;
				INFOPLIST_FILE = WorldWonders/Info.plist;
				INFOPLIST_KEY_UIApplicationSupportsIndirectInputEvents = YES;
				INFOPLIST_KEY_UILaunchStoryboardName = LaunchScreen;
				INFOPLIST_KEY_UIMainStoryboardFile = Main;
				INFOPLIST_KEY_UISupportedInterfaceOrientations_iPad = "UIInterfaceOrientationPortrait UIInterfaceOrientationPortraitUpsideDown UIInterfaceOrientationLandscapeLeft UIInterfaceOrientationLandscapeRight";
				INFOPLIST_KEY_UISupportedInterfaceOrientations_iPhone = "UIInterfaceOrientationPortrait UIInterfaceOrientationLandscapeLeft UIInterfaceOrientationLandscapeRight";
				LD_RUNPATH_SEARCH_PATHS = (
					"$(inherited)",
					"@executable_path/Frameworks",
				);
				MARKETING_VERSION = 1.0;
				PRODUCT_BUNDLE_IDENTIFIER = com.1App.WorldWonders.WorldWonders;
				PRODUCT_NAME = "$(TARGET_NAME)";
				SWIFT_EMIT_LOC_STRINGS = YES;
				SWIFT_VERSION = 5.0;
				TARGETED_DEVICE_FAMILY = "1,2";
			};
			name = Release;
		};
		549DC1662B4D8A5B00543DAD /* Debug */ = {
			isa = XCBuildConfiguration;
			baseConfigurationReference = EA54BA702AE40C90FBF6F152 /* Pods-WorldWondersTests.debug.xcconfig */;
			buildSettings = {
				ALWAYS_EMBED_SWIFT_STANDARD_LIBRARIES = YES;
				BUNDLE_LOADER = "$(TEST_HOST)";
				CODE_SIGN_STYLE = Automatic;
				CURRENT_PROJECT_VERSION = 1;
				GENERATE_INFOPLIST_FILE = YES;
				IPHONEOS_DEPLOYMENT_TARGET = 17.0;
				MARKETING_VERSION = 1.0;
				PRODUCT_BUNDLE_IDENTIFIER = com.1App.WorldWonders.WorldWondersTests;
				PRODUCT_NAME = "$(TARGET_NAME)";
				SWIFT_EMIT_LOC_STRINGS = NO;
				SWIFT_VERSION = 5.0;
				TARGETED_DEVICE_FAMILY = "1,2";
				TEST_HOST = "$(BUILT_PRODUCTS_DIR)/WorldWonders.app/$(BUNDLE_EXECUTABLE_FOLDER_PATH)/WorldWonders";
			};
			name = Debug;
		};
		549DC1672B4D8A5B00543DAD /* Release */ = {
			isa = XCBuildConfiguration;
			baseConfigurationReference = 3010E7F0B1808983BE95C86A /* Pods-WorldWondersTests.release.xcconfig */;
			buildSettings = {
				ALWAYS_EMBED_SWIFT_STANDARD_LIBRARIES = YES;
				BUNDLE_LOADER = "$(TEST_HOST)";
				CODE_SIGN_STYLE = Automatic;
				CURRENT_PROJECT_VERSION = 1;
				GENERATE_INFOPLIST_FILE = YES;
				IPHONEOS_DEPLOYMENT_TARGET = 17.0;
				MARKETING_VERSION = 1.0;
				PRODUCT_BUNDLE_IDENTIFIER = com.1App.WorldWonders.WorldWondersTests;
				PRODUCT_NAME = "$(TARGET_NAME)";
				SWIFT_EMIT_LOC_STRINGS = NO;
				SWIFT_VERSION = 5.0;
				TARGETED_DEVICE_FAMILY = "1,2";
				TEST_HOST = "$(BUILT_PRODUCTS_DIR)/WorldWonders.app/$(BUNDLE_EXECUTABLE_FOLDER_PATH)/WorldWonders";
			};
			name = Release;
		};
		549DC1692B4D8A5B00543DAD /* Debug */ = {
			isa = XCBuildConfiguration;
			baseConfigurationReference = BC57281AD68031A5E4EDF579 /* Pods-WorldWonders-WorldWondersUITests.debug.xcconfig */;
			buildSettings = {
				ALWAYS_EMBED_SWIFT_STANDARD_LIBRARIES = YES;
				CODE_SIGN_STYLE = Automatic;
				CURRENT_PROJECT_VERSION = 1;
				GENERATE_INFOPLIST_FILE = YES;
				MARKETING_VERSION = 1.0;
				PRODUCT_BUNDLE_IDENTIFIER = com.1App.WorldWonders.WorldWondersUITests;
				PRODUCT_NAME = "$(TARGET_NAME)";
				SWIFT_EMIT_LOC_STRINGS = NO;
				SWIFT_VERSION = 5.0;
				TARGETED_DEVICE_FAMILY = "1,2";
				TEST_TARGET_NAME = WorldWonders;
			};
			name = Debug;
		};
		549DC16A2B4D8A5B00543DAD /* Release */ = {
			isa = XCBuildConfiguration;
			baseConfigurationReference = 0AB9B56138E03ADE55028AA6 /* Pods-WorldWonders-WorldWondersUITests.release.xcconfig */;
			buildSettings = {
				ALWAYS_EMBED_SWIFT_STANDARD_LIBRARIES = YES;
				CODE_SIGN_STYLE = Automatic;
				CURRENT_PROJECT_VERSION = 1;
				GENERATE_INFOPLIST_FILE = YES;
				MARKETING_VERSION = 1.0;
				PRODUCT_BUNDLE_IDENTIFIER = com.1App.WorldWonders.WorldWondersUITests;
				PRODUCT_NAME = "$(TARGET_NAME)";
				SWIFT_EMIT_LOC_STRINGS = NO;
				SWIFT_VERSION = 5.0;
				TARGETED_DEVICE_FAMILY = "1,2";
				TEST_TARGET_NAME = WorldWonders;
			};
			name = Release;
		};
/* End XCBuildConfiguration section */

/* Begin XCConfigurationList section */
		549DC1332B4D8A5900543DAD /* Build configuration list for PBXProject "WorldWonders" */ = {
			isa = XCConfigurationList;
			buildConfigurations = (
				549DC1602B4D8A5B00543DAD /* Debug */,
				549DC1612B4D8A5B00543DAD /* Release */,
			);
			defaultConfigurationIsVisible = 0;
			defaultConfigurationName = Release;
		};
		549DC1622B4D8A5B00543DAD /* Build configuration list for PBXNativeTarget "WorldWonders" */ = {
			isa = XCConfigurationList;
			buildConfigurations = (
				549DC1632B4D8A5B00543DAD /* Debug */,
				549DC1642B4D8A5B00543DAD /* Release */,
			);
			defaultConfigurationIsVisible = 0;
			defaultConfigurationName = Release;
		};
		549DC1652B4D8A5B00543DAD /* Build configuration list for PBXNativeTarget "WorldWondersTests" */ = {
			isa = XCConfigurationList;
			buildConfigurations = (
				549DC1662B4D8A5B00543DAD /* Debug */,
				549DC1672B4D8A5B00543DAD /* Release */,
			);
			defaultConfigurationIsVisible = 0;
			defaultConfigurationName = Release;
		};
		549DC1682B4D8A5B00543DAD /* Build configuration list for PBXNativeTarget "WorldWondersUITests" */ = {
			isa = XCConfigurationList;
			buildConfigurations = (
				549DC1692B4D8A5B00543DAD /* Debug */,
				549DC16A2B4D8A5B00543DAD /* Release */,
			);
			defaultConfigurationIsVisible = 0;
			defaultConfigurationName = Release;
		};
/* End XCConfigurationList section */
	};
	rootObject = 549DC1302B4D8A5900543DAD /* Project object */;
}
