// !$*UTF8*$!
{
	archiveVersion = 1;
	classes = {
	};
	objectVersion = 55;
	objects = {

/* Begin PBXBuildFile section */
		54DCB3832B0D0555006C51A0 /* AppDelegate.swift in Sources */ = {isa = PBXBuildFile; fileRef = 54DCB3822B0D0555006C51A0 /* AppDelegate.swift */; };
		54DCB3852B0D0555006C51A0 /* SceneDelegate.swift in Sources */ = {isa = PBXBuildFile; fileRef = 54DCB3842B0D0555006C51A0 /* SceneDelegate.swift */; };
		54DCB3872B0D0555006C51A0 /* ViewController.swift in Sources */ = {isa = PBXBuildFile; fileRef = 54DCB3862B0D0555006C51A0 /* ViewController.swift */; };
		54DCB38A2B0D0555006C51A0 /* Main.storyboard in Resources */ = {isa = PBXBuildFile; fileRef = 54DCB3882B0D0555006C51A0 /* Main.storyboard */; };
		54DCB38C2B0D0559006C51A0 /* Assets.xcassets in Resources */ = {isa = PBXBuildFile; fileRef = 54DCB38B2B0D0559006C51A0 /* Assets.xcassets */; };
		54DCB38F2B0D055A006C51A0 /* LaunchScreen.storyboard in Resources */ = {isa = PBXBuildFile; fileRef = 54DCB38D2B0D055A006C51A0 /* LaunchScreen.storyboard */; };
		54DCB39A2B0D055A006C51A0 /* tableViewTests.swift in Sources */ = {isa = PBXBuildFile; fileRef = 54DCB3992B0D055A006C51A0 /* tableViewTests.swift */; };
		54DCB3A42B0D055A006C51A0 /* tableViewUITests.swift in Sources */ = {isa = PBXBuildFile; fileRef = 54DCB3A32B0D055A006C51A0 /* tableViewUITests.swift */; };
		54DCB3A62B0D055A006C51A0 /* tableViewUITestsLaunchTests.swift in Sources */ = {isa = PBXBuildFile; fileRef = 54DCB3A52B0D055A006C51A0 /* tableViewUITestsLaunchTests.swift */; };
/* End PBXBuildFile section */

/* Begin PBXContainerItemProxy section */
		54DCB3962B0D055A006C51A0 /* PBXContainerItemProxy */ = {
			isa = PBXContainerItemProxy;
			containerPortal = 54DCB3772B0D0555006C51A0 /* Project object */;
			proxyType = 1;
			remoteGlobalIDString = 54DCB37E2B0D0555006C51A0;
			remoteInfo = tableView;
		};
		54DCB3A02B0D055A006C51A0 /* PBXContainerItemProxy */ = {
			isa = PBXContainerItemProxy;
			containerPortal = 54DCB3772B0D0555006C51A0 /* Project object */;
			proxyType = 1;
			remoteGlobalIDString = 54DCB37E2B0D0555006C51A0;
			remoteInfo = tableView;
		};
/* End PBXContainerItemProxy section */

/* Begin PBXFileReference section */
		54DCB37F2B0D0555006C51A0 /* tableView.app */ = {isa = PBXFileReference; explicitFileType = wrapper.application; includeInIndex = 0; path = tableView.app; sourceTree = BUILT_PRODUCTS_DIR; };
		54DCB3822B0D0555006C51A0 /* AppDelegate.swift */ = {isa = PBXFileReference; lastKnownFileType = sourcecode.swift; path = AppDelegate.swift; sourceTree = "<group>"; };
		54DCB3842B0D0555006C51A0 /* SceneDelegate.swift */ = {isa = PBXFileReference; lastKnownFileType = sourcecode.swift; path = SceneDelegate.swift; sourceTree = "<group>"; };
		54DCB3862B0D0555006C51A0 /* ViewController.swift */ = {isa = PBXFileReference; lastKnownFileType = sourcecode.swift; path = ViewController.swift; sourceTree = "<group>"; };
		54DCB3892B0D0555006C51A0 /* Base */ = {isa = PBXFileReference; lastKnownFileType = file.storyboard; name = Base; path = Base.lproj/Main.storyboard; sourceTree = "<group>"; };
		54DCB38B2B0D0559006C51A0 /* Assets.xcassets */ = {isa = PBXFileReference; lastKnownFileType = folder.assetcatalog; path = Assets.xcassets; sourceTree = "<group>"; };
		54DCB38E2B0D055A006C51A0 /* Base */ = {isa = PBXFileReference; lastKnownFileType = file.storyboard; name = Base; path = Base.lproj/LaunchScreen.storyboard; sourceTree = "<group>"; };
		54DCB3902B0D055A006C51A0 /* Info.plist */ = {isa = PBXFileReference; lastKnownFileType = text.plist.xml; path = Info.plist; sourceTree = "<group>"; };
		54DCB3952B0D055A006C51A0 /* tableViewTests.xctest */ = {isa = PBXFileReference; explicitFileType = wrapper.cfbundle; includeInIndex = 0; path = tableViewTests.xctest; sourceTree = BUILT_PRODUCTS_DIR; };
		54DCB3992B0D055A006C51A0 /* tableViewTests.swift */ = {isa = PBXFileReference; lastKnownFileType = sourcecode.swift; path = tableViewTests.swift; sourceTree = "<group>"; };
		54DCB39F2B0D055A006C51A0 /* tableViewUITests.xctest */ = {isa = PBXFileReference; explicitFileType = wrapper.cfbundle; includeInIndex = 0; path = tableViewUITests.xctest; sourceTree = BUILT_PRODUCTS_DIR; };
		54DCB3A32B0D055A006C51A0 /* tableViewUITests.swift */ = {isa = PBXFileReference; lastKnownFileType = sourcecode.swift; path = tableViewUITests.swift; sourceTree = "<group>"; };
		54DCB3A52B0D055A006C51A0 /* tableViewUITestsLaunchTests.swift */ = {isa = PBXFileReference; lastKnownFileType = sourcecode.swift; path = tableViewUITestsLaunchTests.swift; sourceTree = "<group>"; };
/* End PBXFileReference section */

/* Begin PBXFrameworksBuildPhase section */
		54DCB37C2B0D0555006C51A0 /* Frameworks */ = {
			isa = PBXFrameworksBuildPhase;
			buildActionMask = 2147483647;
			files = (
			);
			runOnlyForDeploymentPostprocessing = 0;
		};
		54DCB3922B0D055A006C51A0 /* Frameworks */ = {
			isa = PBXFrameworksBuildPhase;
			buildActionMask = 2147483647;
			files = (
			);
			runOnlyForDeploymentPostprocessing = 0;
		};
		54DCB39C2B0D055A006C51A0 /* Frameworks */ = {
			isa = PBXFrameworksBuildPhase;
			buildActionMask = 2147483647;
			files = (
			);
			runOnlyForDeploymentPostprocessing = 0;
		};
/* End PBXFrameworksBuildPhase section */

/* Begin PBXGroup section */
		54DCB3762B0D0555006C51A0 = {
			isa = PBXGroup;
			children = (
				54DCB3812B0D0555006C51A0 /* tableView */,
				54DCB3982B0D055A006C51A0 /* tableViewTests */,
				54DCB3A22B0D055A006C51A0 /* tableViewUITests */,
				54DCB3802B0D0555006C51A0 /* Products */,
			);
			sourceTree = "<group>";
		};
		54DCB3802B0D0555006C51A0 /* Products */ = {
			isa = PBXGroup;
			children = (
				54DCB37F2B0D0555006C51A0 /* tableView.app */,
				54DCB3952B0D055A006C51A0 /* tableViewTests.xctest */,
				54DCB39F2B0D055A006C51A0 /* tableViewUITests.xctest */,
			);
			name = Products;
			sourceTree = "<group>";
		};
		54DCB3812B0D0555006C51A0 /* tableView */ = {
			isa = PBXGroup;
			children = (
				54DCB3822B0D0555006C51A0 /* AppDelegate.swift */,
				54DCB3842B0D0555006C51A0 /* SceneDelegate.swift */,
				54DCB3862B0D0555006C51A0 /* ViewController.swift */,
				54DCB3882B0D0555006C51A0 /* Main.storyboard */,
				54DCB38B2B0D0559006C51A0 /* Assets.xcassets */,
				54DCB38D2B0D055A006C51A0 /* LaunchScreen.storyboard */,
				54DCB3902B0D055A006C51A0 /* Info.plist */,
			);
			path = tableView;
			sourceTree = "<group>";
		};
		54DCB3982B0D055A006C51A0 /* tableViewTests */ = {
			isa = PBXGroup;
			children = (
				54DCB3992B0D055A006C51A0 /* tableViewTests.swift */,
			);
			path = tableViewTests;
			sourceTree = "<group>";
		};
		54DCB3A22B0D055A006C51A0 /* tableViewUITests */ = {
			isa = PBXGroup;
			children = (
				54DCB3A32B0D055A006C51A0 /* tableViewUITests.swift */,
				54DCB3A52B0D055A006C51A0 /* tableViewUITestsLaunchTests.swift */,
			);
			path = tableViewUITests;
			sourceTree = "<group>";
		};
/* End PBXGroup section */

/* Begin PBXNativeTarget section */
		54DCB37E2B0D0555006C51A0 /* tableView */ = {
			isa = PBXNativeTarget;
			buildConfigurationList = 54DCB3A92B0D055A006C51A0 /* Build configuration list for PBXNativeTarget "tableView" */;
			buildPhases = (
				54DCB37B2B0D0555006C51A0 /* Sources */,
				54DCB37C2B0D0555006C51A0 /* Frameworks */,
				54DCB37D2B0D0555006C51A0 /* Resources */,
			);
			buildRules = (
			);
			dependencies = (
			);
			name = tableView;
			productName = tableView;
			productReference = 54DCB37F2B0D0555006C51A0 /* tableView.app */;
			productType = "com.apple.product-type.application";
		};
		54DCB3942B0D055A006C51A0 /* tableViewTests */ = {
			isa = PBXNativeTarget;
			buildConfigurationList = 54DCB3AC2B0D055A006C51A0 /* Build configuration list for PBXNativeTarget "tableViewTests" */;
			buildPhases = (
				54DCB3912B0D055A006C51A0 /* Sources */,
				54DCB3922B0D055A006C51A0 /* Frameworks */,
				54DCB3932B0D055A006C51A0 /* Resources */,
			);
			buildRules = (
			);
			dependencies = (
				54DCB3972B0D055A006C51A0 /* PBXTargetDependency */,
			);
			name = tableViewTests;
			productName = tableViewTests;
			productReference = 54DCB3952B0D055A006C51A0 /* tableViewTests.xctest */;
			productType = "com.apple.product-type.bundle.unit-test";
		};
		54DCB39E2B0D055A006C51A0 /* tableViewUITests */ = {
			isa = PBXNativeTarget;
			buildConfigurationList = 54DCB3AF2B0D055A006C51A0 /* Build configuration list for PBXNativeTarget "tableViewUITests" */;
			buildPhases = (
				54DCB39B2B0D055A006C51A0 /* Sources */,
				54DCB39C2B0D055A006C51A0 /* Frameworks */,
				54DCB39D2B0D055A006C51A0 /* Resources */,
			);
			buildRules = (
			);
			dependencies = (
				54DCB3A12B0D055A006C51A0 /* PBXTargetDependency */,
			);
			name = tableViewUITests;
			productName = tableViewUITests;
			productReference = 54DCB39F2B0D055A006C51A0 /* tableViewUITests.xctest */;
			productType = "com.apple.product-type.bundle.ui-testing";
		};
/* End PBXNativeTarget section */

/* Begin PBXProject section */
		54DCB3772B0D0555006C51A0 /* Project object */ = {
			isa = PBXProject;
			attributes = {
				BuildIndependentTargetsInParallel = 1;
				LastSwiftUpdateCheck = 1340;
				LastUpgradeCheck = 1340;
				TargetAttributes = {
					54DCB37E2B0D0555006C51A0 = {
						CreatedOnToolsVersion = 13.4.1;
					};
					54DCB3942B0D055A006C51A0 = {
						CreatedOnToolsVersion = 13.4.1;
						TestTargetID = 54DCB37E2B0D0555006C51A0;
					};
					54DCB39E2B0D055A006C51A0 = {
						CreatedOnToolsVersion = 13.4.1;
						TestTargetID = 54DCB37E2B0D0555006C51A0;
					};
				};
			};
			buildConfigurationList = 54DCB37A2B0D0555006C51A0 /* Build configuration list for PBXProject "tableView" */;
			compatibilityVersion = "Xcode 13.0";
			developmentRegion = en;
			hasScannedForEncodings = 0;
			knownRegions = (
				en,
				Base,
			);
			mainGroup = 54DCB3762B0D0555006C51A0;
			productRefGroup = 54DCB3802B0D0555006C51A0 /* Products */;
			projectDirPath = "";
			projectRoot = "";
			targets = (
				54DCB37E2B0D0555006C51A0 /* tableView */,
				54DCB3942B0D055A006C51A0 /* tableViewTests */,
				54DCB39E2B0D055A006C51A0 /* tableViewUITests */,
			);
		};
/* End PBXProject section */

/* Begin PBXResourcesBuildPhase section */
		54DCB37D2B0D0555006C51A0 /* Resources */ = {
			isa = PBXResourcesBuildPhase;
			buildActionMask = 2147483647;
			files = (
				54DCB38F2B0D055A006C51A0 /* LaunchScreen.storyboard in Resources */,
				54DCB38C2B0D0559006C51A0 /* Assets.xcassets in Resources */,
				54DCB38A2B0D0555006C51A0 /* Main.storyboard in Resources */,
			);
			runOnlyForDeploymentPostprocessing = 0;
		};
		54DCB3932B0D055A006C51A0 /* Resources */ = {
			isa = PBXResourcesBuildPhase;
			buildActionMask = 2147483647;
			files = (
			);
			runOnlyForDeploymentPostprocessing = 0;
		};
		54DCB39D2B0D055A006C51A0 /* Resources */ = {
			isa = PBXResourcesBuildPhase;
			buildActionMask = 2147483647;
			files = (
			);
			runOnlyForDeploymentPostprocessing = 0;
		};
/* End PBXResourcesBuildPhase section */

/* Begin PBXSourcesBuildPhase section */
		54DCB37B2B0D0555006C51A0 /* Sources */ = {
			isa = PBXSourcesBuildPhase;
			buildActionMask = 2147483647;
			files = (
				54DCB3872B0D0555006C51A0 /* ViewController.swift in Sources */,
				54DCB3832B0D0555006C51A0 /* AppDelegate.swift in Sources */,
				54DCB3852B0D0555006C51A0 /* SceneDelegate.swift in Sources */,
			);
			runOnlyForDeploymentPostprocessing = 0;
		};
		54DCB3912B0D055A006C51A0 /* Sources */ = {
			isa = PBXSourcesBuildPhase;
			buildActionMask = 2147483647;
			files = (
				54DCB39A2B0D055A006C51A0 /* tableViewTests.swift in Sources */,
			);
			runOnlyForDeploymentPostprocessing = 0;
		};
		54DCB39B2B0D055A006C51A0 /* Sources */ = {
			isa = PBXSourcesBuildPhase;
			buildActionMask = 2147483647;
			files = (
				54DCB3A62B0D055A006C51A0 /* tableViewUITestsLaunchTests.swift in Sources */,
				54DCB3A42B0D055A006C51A0 /* tableViewUITests.swift in Sources */,
			);
			runOnlyForDeploymentPostprocessing = 0;
		};
/* End PBXSourcesBuildPhase section */

/* Begin PBXTargetDependency section */
		54DCB3972B0D055A006C51A0 /* PBXTargetDependency */ = {
			isa = PBXTargetDependency;
			target = 54DCB37E2B0D0555006C51A0 /* tableView */;
			targetProxy = 54DCB3962B0D055A006C51A0 /* PBXContainerItemProxy */;
		};
		54DCB3A12B0D055A006C51A0 /* PBXTargetDependency */ = {
			isa = PBXTargetDependency;
			target = 54DCB37E2B0D0555006C51A0 /* tableView */;
			targetProxy = 54DCB3A02B0D055A006C51A0 /* PBXContainerItemProxy */;
		};
/* End PBXTargetDependency section */

/* Begin PBXVariantGroup section */
		54DCB3882B0D0555006C51A0 /* Main.storyboard */ = {
			isa = PBXVariantGroup;
			children = (
				54DCB3892B0D0555006C51A0 /* Base */,
			);
			name = Main.storyboard;
			sourceTree = "<group>";
		};
		54DCB38D2B0D055A006C51A0 /* LaunchScreen.storyboard */ = {
			isa = PBXVariantGroup;
			children = (
				54DCB38E2B0D055A006C51A0 /* Base */,
			);
			name = LaunchScreen.storyboard;
			sourceTree = "<group>";
		};
/* End PBXVariantGroup section */

/* Begin XCBuildConfiguration section */
		54DCB3A72B0D055A006C51A0 /* Debug */ = {
			isa = XCBuildConfiguration;
			buildSettings = {
				ALWAYS_SEARCH_USER_PATHS = NO;
				CLANG_ANALYZER_NONNULL = YES;
				CLANG_ANALYZER_NUMBER_OBJECT_CONVERSION = YES_AGGRESSIVE;
				CLANG_CXX_LANGUAGE_STANDARD = "gnu++17";
				CLANG_ENABLE_MODULES = YES;
				CLANG_ENABLE_OBJC_ARC = YES;
				CLANG_ENABLE_OBJC_WEAK = YES;
				CLANG_WARN_BLOCK_CAPTURE_AUTORELEASING = YES;
				CLANG_WARN_BOOL_CONVERSION = YES;
				CLANG_WARN_COMMA = YES;
				CLANG_WARN_CONSTANT_CONVERSION = YES;
				CLANG_WARN_DEPRECATED_OBJC_IMPLEMENTATIONS = YES;
				CLANG_WARN_DIRECT_OBJC_ISA_USAGE = YES_ERROR;
				CLANG_WARN_DOCUMENTATION_COMMENTS = YES;
				CLANG_WARN_EMPTY_BODY = YES;
				CLANG_WARN_ENUM_CONVERSION = YES;
				CLANG_WARN_INFINITE_RECURSION = YES;
				CLANG_WARN_INT_CONVERSION = YES;
				CLANG_WARN_NON_LITERAL_NULL_CONVERSION = YES;
				CLANG_WARN_OBJC_IMPLICIT_RETAIN_SELF = YES;
				CLANG_WARN_OBJC_LITERAL_CONVERSION = YES;
				CLANG_WARN_OBJC_ROOT_CLASS = YES_ERROR;
				CLANG_WARN_QUOTED_INCLUDE_IN_FRAMEWORK_HEADER = YES;
				CLANG_WARN_RANGE_LOOP_ANALYSIS = YES;
				CLANG_WARN_STRICT_PROTOTYPES = YES;
				CLANG_WARN_SUSPICIOUS_MOVE = YES;
				CLANG_WARN_UNGUARDED_AVAILABILITY = YES_AGGRESSIVE;
				CLANG_WARN_UNREACHABLE_CODE = YES;
				CLANG_WARN__DUPLICATE_METHOD_MATCH = YES;
				COPY_PHASE_STRIP = NO;
				DEBUG_INFORMATION_FORMAT = dwarf;
				ENABLE_STRICT_OBJC_MSGSEND = YES;
				ENABLE_TESTABILITY = YES;
				GCC_C_LANGUAGE_STANDARD = gnu11;
				GCC_DYNAMIC_NO_PIC = NO;
				GCC_NO_COMMON_BLOCKS = YES;
				GCC_OPTIMIZATION_LEVEL = 0;
				GCC_PREPROCESSOR_DEFINITIONS = (
					"DEBUG=1",
					"$(inherited)",
				);
				GCC_WARN_64_TO_32_BIT_CONVERSION = YES;
				GCC_WARN_ABOUT_RETURN_TYPE = YES_ERROR;
				GCC_WARN_UNDECLARED_SELECTOR = YES;
				GCC_WARN_UNINITIALIZED_AUTOS = YES_AGGRESSIVE;
				GCC_WARN_UNUSED_FUNCTION = YES;
				GCC_WARN_UNUSED_VARIABLE = YES;
				IPHONEOS_DEPLOYMENT_TARGET = 15.5;
				MTL_ENABLE_DEBUG_INFO = INCLUDE_SOURCE;
				MTL_FAST_MATH = YES;
				ONLY_ACTIVE_ARCH = YES;
				SDKROOT = iphoneos;
				SWIFT_ACTIVE_COMPILATION_CONDITIONS = DEBUG;
				SWIFT_OPTIMIZATION_LEVEL = "-Onone";
			};
			name = Debug;
		};
		54DCB3A82B0D055A006C51A0 /* Release */ = {
			isa = XCBuildConfiguration;
			buildSettings = {
				ALWAYS_SEARCH_USER_PATHS = NO;
				CLANG_ANALYZER_NONNULL = YES;
				CLANG_ANALYZER_NUMBER_OBJECT_CONVERSION = YES_AGGRESSIVE;
				CLANG_CXX_LANGUAGE_STANDARD = "gnu++17";
				CLANG_ENABLE_MODULES = YES;
				CLANG_ENABLE_OBJC_ARC = YES;
				CLANG_ENABLE_OBJC_WEAK = YES;
				CLANG_WARN_BLOCK_CAPTURE_AUTORELEASING = YES;
				CLANG_WARN_BOOL_CONVERSION = YES;
				CLANG_WARN_COMMA = YES;
				CLANG_WARN_CONSTANT_CONVERSION = YES;
				CLANG_WARN_DEPRECATED_OBJC_IMPLEMENTATIONS = YES;
				CLANG_WARN_DIRECT_OBJC_ISA_USAGE = YES_ERROR;
				CLANG_WARN_DOCUMENTATION_COMMENTS = YES;
				CLANG_WARN_EMPTY_BODY = YES;
				CLANG_WARN_ENUM_CONVERSION = YES;
				CLANG_WARN_INFINITE_RECURSION = YES;
				CLANG_WARN_INT_CONVERSION = YES;
				CLANG_WARN_NON_LITERAL_NULL_CONVERSION = YES;
				CLANG_WARN_OBJC_IMPLICIT_RETAIN_SELF = YES;
				CLANG_WARN_OBJC_LITERAL_CONVERSION = YES;
				CLANG_WARN_OBJC_ROOT_CLASS = YES_ERROR;
				CLANG_WARN_QUOTED_INCLUDE_IN_FRAMEWORK_HEADER = YES;
				CLANG_WARN_RANGE_LOOP_ANALYSIS = YES;
				CLANG_WARN_STRICT_PROTOTYPES = YES;
				CLANG_WARN_SUSPICIOUS_MOVE = YES;
				CLANG_WARN_UNGUARDED_AVAILABILITY = YES_AGGRESSIVE;
				CLANG_WARN_UNREACHABLE_CODE = YES;
				CLANG_WARN__DUPLICATE_METHOD_MATCH = YES;
				COPY_PHASE_STRIP = NO;
				DEBUG_INFORMATION_FORMAT = "dwarf-with-dsym";
				ENABLE_NS_ASSERTIONS = NO;
				ENABLE_STRICT_OBJC_MSGSEND = YES;
				GCC_C_LANGUAGE_STANDARD = gnu11;
				GCC_NO_COMMON_BLOCKS = YES;
				GCC_WARN_64_TO_32_BIT_CONVERSION = YES;
				GCC_WARN_ABOUT_RETURN_TYPE = YES_ERROR;
				GCC_WARN_UNDECLARED_SELECTOR = YES;
				GCC_WARN_UNINITIALIZED_AUTOS = YES_AGGRESSIVE;
				GCC_WARN_UNUSED_FUNCTION = YES;
				GCC_WARN_UNUSED_VARIABLE = YES;
				IPHONEOS_DEPLOYMENT_TARGET = 15.5;
				MTL_ENABLE_DEBUG_INFO = NO;
				MTL_FAST_MATH = YES;
				SDKROOT = iphoneos;
				SWIFT_COMPILATION_MODE = wholemodule;
				SWIFT_OPTIMIZATION_LEVEL = "-O";
				VALIDATE_PRODUCT = YES;
			};
			name = Release;
		};
		54DCB3AA2B0D055A006C51A0 /* Debug */ = {
			isa = XCBuildConfiguration;
			buildSettings = {
				ASSETCATALOG_COMPILER_APPICON_NAME = AppIcon;
				ASSETCATALOG_COMPILER_GLOBAL_ACCENT_COLOR_NAME = AccentColor;
				CODE_SIGN_STYLE = Automatic;
				CURRENT_PROJECT_VERSION = 1;
				GENERATE_INFOPLIST_FILE = YES;
				INFOPLIST_FILE = tableView/Info.plist;
				INFOPLIST_KEY_UIApplicationSupportsIndirectInputEvents = YES;
				INFOPLIST_KEY_UILaunchStoryboardName = LaunchScreen;
				INFOPLIST_KEY_UIMainStoryboardFile = Main;
				INFOPLIST_KEY_UISupportedInterfaceOrientations_iPad = "UIInterfaceOrientationPortrait UIInterfaceOrientationPortraitUpsideDown UIInterfaceOrientationLandscapeLeft UIInterfaceOrientationLandscapeRight";
				INFOPLIST_KEY_UISupportedInterfaceOrientations_iPhone = "UIInterfaceOrientationPortrait UIInterfaceOrientationLandscapeLeft UIInterfaceOrientationLandscapeRight";
				LD_RUNPATH_SEARCH_PATHS = (
					"$(inherited)",
					"@executable_path/Frameworks",
				);
				MARKETING_VERSION = 1.0;
				PRODUCT_BUNDLE_IDENTIFIER = com.1App.tableView.tableView;
				PRODUCT_NAME = "$(TARGET_NAME)";
				SWIFT_EMIT_LOC_STRINGS = YES;
				SWIFT_VERSION = 5.0;
				TARGETED_DEVICE_FAMILY = "1,2";
			};
			name = Debug;
		};
		54DCB3AB2B0D055A006C51A0 /* Release */ = {
			isa = XCBuildConfiguration;
			buildSettings = {
				ASSETCATALOG_COMPILER_APPICON_NAME = AppIcon;
				ASSETCATALOG_COMPILER_GLOBAL_ACCENT_COLOR_NAME = AccentColor;
				CODE_SIGN_STYLE = Automatic;
				CURRENT_PROJECT_VERSION = 1;
				GENERATE_INFOPLIST_FILE = YES;
				INFOPLIST_FILE = tableView/Info.plist;
				INFOPLIST_KEY_UIApplicationSupportsIndirectInputEvents = YES;
				INFOPLIST_KEY_UILaunchStoryboardName = LaunchScreen;
				INFOPLIST_KEY_UIMainStoryboardFile = Main;
				INFOPLIST_KEY_UISupportedInterfaceOrientations_iPad = "UIInterfaceOrientationPortrait UIInterfaceOrientationPortraitUpsideDown UIInterfaceOrientationLandscapeLeft UIInterfaceOrientationLandscapeRight";
				INFOPLIST_KEY_UISupportedInterfaceOrientations_iPhone = "UIInterfaceOrientationPortrait UIInterfaceOrientationLandscapeLeft UIInterfaceOrientationLandscapeRight";
				LD_RUNPATH_SEARCH_PATHS = (
					"$(inherited)",
					"@executable_path/Frameworks",
				);
				MARKETING_VERSION = 1.0;
				PRODUCT_BUNDLE_IDENTIFIER = com.1App.tableView.tableView;
				PRODUCT_NAME = "$(TARGET_NAME)";
				SWIFT_EMIT_LOC_STRINGS = YES;
				SWIFT_VERSION = 5.0;
				TARGETED_DEVICE_FAMILY = "1,2";
			};
			name = Release;
		};
		54DCB3AD2B0D055A006C51A0 /* Debug */ = {
			isa = XCBuildConfiguration;
			buildSettings = {
				ALWAYS_EMBED_SWIFT_STANDARD_LIBRARIES = YES;
				BUNDLE_LOADER = "$(TEST_HOST)";
				CODE_SIGN_STYLE = Automatic;
				CURRENT_PROJECT_VERSION = 1;
				GENERATE_INFOPLIST_FILE = YES;
				IPHONEOS_DEPLOYMENT_TARGET = 15.5;
				MARKETING_VERSION = 1.0;
				PRODUCT_BUNDLE_IDENTIFIER = com.1App.tableView.tableViewTests;
				PRODUCT_NAME = "$(TARGET_NAME)";
				SWIFT_EMIT_LOC_STRINGS = NO;
				SWIFT_VERSION = 5.0;
				TARGETED_DEVICE_FAMILY = "1,2";
				TEST_HOST = "$(BUILT_PRODUCTS_DIR)/tableView.app/tableView";
			};
			name = Debug;
		};
		54DCB3AE2B0D055A006C51A0 /* Release */ = {
			isa = XCBuildConfiguration;
			buildSettings = {
				ALWAYS_EMBED_SWIFT_STANDARD_LIBRARIES = YES;
				BUNDLE_LOADER = "$(TEST_HOST)";
				CODE_SIGN_STYLE = Automatic;
				CURRENT_PROJECT_VERSION = 1;
				GENERATE_INFOPLIST_FILE = YES;
				IPHONEOS_DEPLOYMENT_TARGET = 15.5;
				MARKETING_VERSION = 1.0;
				PRODUCT_BUNDLE_IDENTIFIER = com.1App.tableView.tableViewTests;
				PRODUCT_NAME = "$(TARGET_NAME)";
				SWIFT_EMIT_LOC_STRINGS = NO;
				SWIFT_VERSION = 5.0;
				TARGETED_DEVICE_FAMILY = "1,2";
				TEST_HOST = "$(BUILT_PRODUCTS_DIR)/tableView.app/tableView";
			};
			name = Release;
		};
		54DCB3B02B0D055A006C51A0 /* Debug */ = {
			isa = XCBuildConfiguration;
			buildSettings = {
				ALWAYS_EMBED_SWIFT_STANDARD_LIBRARIES = YES;
				CODE_SIGN_STYLE = Automatic;
				CURRENT_PROJECT_VERSION = 1;
				GENERATE_INFOPLIST_FILE = YES;
				MARKETING_VERSION = 1.0;
				PRODUCT_BUNDLE_IDENTIFIER = com.1App.tableView.tableViewUITests;
				PRODUCT_NAME = "$(TARGET_NAME)";
				SWIFT_EMIT_LOC_STRINGS = NO;
				SWIFT_VERSION = 5.0;
				TARGETED_DEVICE_FAMILY = "1,2";
				TEST_TARGET_NAME = tableView;
			};
			name = Debug;
		};
		54DCB3B12B0D055A006C51A0 /* Release */ = {
			isa = XCBuildConfiguration;
			buildSettings = {
				ALWAYS_EMBED_SWIFT_STANDARD_LIBRARIES = YES;
				CODE_SIGN_STYLE = Automatic;
				CURRENT_PROJECT_VERSION = 1;
				GENERATE_INFOPLIST_FILE = YES;
				MARKETING_VERSION = 1.0;
				PRODUCT_BUNDLE_IDENTIFIER = com.1App.tableView.tableViewUITests;
				PRODUCT_NAME = "$(TARGET_NAME)";
				SWIFT_EMIT_LOC_STRINGS = NO;
				SWIFT_VERSION = 5.0;
				TARGETED_DEVICE_FAMILY = "1,2";
				TEST_TARGET_NAME = tableView;
			};
			name = Release;
		};
/* End XCBuildConfiguration section */

/* Begin XCConfigurationList section */
		54DCB37A2B0D0555006C51A0 /* Build configuration list for PBXProject "tableView" */ = {
			isa = XCConfigurationList;
			buildConfigurations = (
				54DCB3A72B0D055A006C51A0 /* Debug */,
				54DCB3A82B0D055A006C51A0 /* Release */,
			);
			defaultConfigurationIsVisible = 0;
			defaultConfigurationName = Release;
		};
		54DCB3A92B0D055A006C51A0 /* Build configuration list for PBXNativeTarget "tableView" */ = {
			isa = XCConfigurationList;
			buildConfigurations = (
				54DCB3AA2B0D055A006C51A0 /* Debug */,
				54DCB3AB2B0D055A006C51A0 /* Release */,
			);
			defaultConfigurationIsVisible = 0;
			defaultConfigurationName = Release;
		};
		54DCB3AC2B0D055A006C51A0 /* Build configuration list for PBXNativeTarget "tableViewTests" */ = {
			isa = XCConfigurationList;
			buildConfigurations = (
				54DCB3AD2B0D055A006C51A0 /* Debug */,
				54DCB3AE2B0D055A006C51A0 /* Release */,
			);
			defaultConfigurationIsVisible = 0;
			defaultConfigurationName = Release;
		};
		54DCB3AF2B0D055A006C51A0 /* Build configuration list for PBXNativeTarget "tableViewUITests" */ = {
			isa = XCConfigurationList;
			buildConfigurations = (
				54DCB3B02B0D055A006C51A0 /* Debug */,
				54DCB3B12B0D055A006C51A0 /* Release */,
			);
			defaultConfigurationIsVisible = 0;
			defaultConfigurationName = Release;
		};
/* End XCConfigurationList section */
	};
	rootObject = 54DCB3772B0D0555006C51A0 /* Project object */;
}
